
Microsoft Visual Studio Solution File, Format Version 12.00
# Visual Studio Version 17
VisualStudioVersion = 17.7.34221.43
MinimumVisualStudioVersion = 10.0.40219.1
Project("{FAE04EC0-301F-11D3-BF4B-00C04F79EFBC}") = "test_app", "test_app\test_app.csproj", "{DE4F7DD8-4DBD-49DC-B1FF-37C846C3A5DA}"
EndProject
Global
	GlobalSection(SolutionConfigurationPlatforms) = preSolution
		Debug|Any CPU = Debug|Any CPU
		Release|Any CPU = Release|Any CPU
	EndGlobalSection
	GlobalSection(ProjectConfigurationPlatforms) = postSolution
		{DE4F7DD8-4DBD-49DC-B1FF-37C846C3A5DA}.Debug|Any CPU.ActiveCfg = Debug|Any CPU
		{DE4F7DD8-4DBD-49DC-B1FF-37C846C3A5DA}.Debug|Any CPU.Build.0 = Debug|Any CPU
		{DE4F7DD8-4DBD-49DC-B1FF-37C846C3A5DA}.Release|Any CPU.ActiveCfg = Release|Any CPU
		{DE4F7DD8-4DBD-49DC-B1FF-37C846C3A5DA}.Release|Any CPU.Build.0 = Release|Any CPU
	EndGlobalSection
	GlobalSection(SolutionProperties) = preSolution
		HideSolutionNode = FALSE
	EndGlobalSection
	GlobalSection(ExtensibilityGlobals) = postSolution
		SolutionGuid = {B086B8BE-5BC0-42BF-A419-04A01ABD1201}
	EndGlobalSection
EndGlobal
